
Microsoft Visual Studio Solution File, Format Version 12.00
# Visual Studio Version 16
VisualStudioVersion = 16.0.30413.136
MinimumVisualStudioVersion = 10.0.40219.1
Project("{888888A0-9F3D-457C-B088-3A5042F75D52}") = "RockPaperScissors", "RockPaperScissors.pyproj", "{6958BB1F-6A0A-4E8F-9D0D-15F87BA7AF85}"
EndProject
Global
	GlobalSection(SolutionConfigurationPlatforms) = preSolution
		Debug|Any CPU = Debug|Any CPU
		Release|Any CPU = Release|Any CPU
	EndGlobalSection
	GlobalSection(ProjectConfigurationPlatforms) = postSolution
		{6958BB1F-6A0A-4E8F-9D0D-15F87BA7AF85}.Debug|Any CPU.ActiveCfg = Debug|Any CPU
		{6958BB1F-6A0A-4E8F-9D0D-15F87BA7AF85}.Release|Any CPU.ActiveCfg = Release|Any CPU
	EndGlobalSection
	GlobalSection(SolutionProperties) = preSolution
		HideSolutionNode = FALSE
	EndGlobalSection
	GlobalSection(ExtensibilityGlobals) = postSolution
		SolutionGuid = {F7122AAF-5946-45C9-A870-FE4D9250C8E5}
	EndGlobalSection
EndGlobal
